{
  "name": "viking-live-field",
  "version": "2.0.0",
  "lockfileVersion": 1,
  "requires": true,
  "dependencies": {
    "dolla": {
      "version": "0.1.1",
      "resolved": "https://registry.npmjs.org/dolla/-/dolla-0.1.1.tgz",
      "integrity": "sha512-zvSFk4dBw5iwDJgVCY0QQjmRe5CFVHcmAv8baSWEDXCCrQZa6gXtgSpBTxDFyhG2gnR8TaA6VW5lPbDM2O8c/g=="
    },
    "uniform-ui": {
      "version": "2.3.8",
      "resolved": "https://registry.npmjs.org/uniform-ui/-/uniform-ui-2.3.8.tgz",
      "integrity": "sha512-HZep6YyjMTD+GBLMvhpmF635Ow7JOyK/t9RLVRPOGlUUFa4llWehxGBw3JlkScFMBN5rsU+LiaA6MloyauRqNQ=="
    }
  }
}
