{
  "name": "viking-live-field",
  "version": "2.0.0",
  "lockfileVersion": 1,
  "requires": true,
  "dependencies": {
    "dolla": {
      "version": "0.1.1",
      "resolved": "https://registry.npmjs.org/dolla/-/dolla-0.1.1.tgz",
      "integrity": "sha512-zvSFk4dBw5iwDJgVCY0QQjmRe5CFVHcmAv8baSWEDXCCrQZa6gXtgSpBTxDFyhG2gnR8TaA6VW5lPbDM2O8c/g=="
    },
    "uniform-ui": {
      "version": "2.3.9",
      "resolved": "https://registry.npmjs.org/uniform-ui/-/uniform-ui-2.3.9.tgz",
      "integrity": "sha512-x5LQvIzdQjvVADAPZ2PfHFQurFAPJpbpZB66YpWh5PFwJ0UZph0teAkh3lTFbNuymRyXeursuCmbbsNSWjvLOQ=="
    }
  }
}
